# This file is automatically @generated by Poetry 1.4.0 and should not be changed by hand.

[[package]]
name = "asn1crypto"
version = "1.5.1"
description = "Fast ASN.1 parser and serializer with definitions for private keys, public keys, certificates, CRL, OCSP, CMS, PKCS#3, PKCS#7, PKCS#8, PKCS#12, PKCS#5, X.509 and TSP"
category = "main"
optional = false
python-versions = "*"
files = [
    {file = "asn1crypto-1.5.1-py2.py3-none-any.whl", hash = "sha256:db4e40728b728508912cbb3d44f19ce188f218e9eba635821bb4b68564f8fd67"},
    {file = "asn1crypto-1.5.1.tar.gz", hash = "sha256:13ae38502be632115abf8a24cbe5f4da52e3b5231990aff31123c805306ccb9c"},
]

[[package]]
name = "autopep8"
version = "2.0.2"
description = "A tool that automatically formats Python code to conform to the PEP 8 style guide"
category = "dev"
optional = false
python-versions = ">=3.6"
files = [
    {file = "autopep8-2.0.2-py2.py3-none-any.whl", hash = "sha256:86e9303b5e5c8160872b2f5ef611161b2893e9bfe8ccc7e2f76385947d57a2f1"},
    {file = "autopep8-2.0.2.tar.gz", hash = "sha256:f9849cdd62108cb739dbcdbfb7fdcc9a30d1b63c4cc3e1c1f893b5360941b61c"},
]

[package.dependencies]
pycodestyle = ">=2.10.0"
tomli = {version = "*", markers = "python_version < \"3.11\""}

[[package]]
name = "gmpy2"
version = "2.1.5"
description = "gmpy2 interface to GMP/MPIR, MPFR, and MPC for Python 2.7 and 3.5+"
category = "main"
optional = false
python-versions = "*"
files = [
    {file = "gmpy2-2.1.5-cp27-cp27m-macosx_10_9_x86_64.whl", hash = "sha256:d8e531a799f09cc66bd2de16b867cf19ce981bbc005bd026fa8d9af46cbdc08b"},
    {file = "gmpy2-2.1.5-cp27-cp27m-manylinux2010_i686.whl", hash = "sha256:eec3b3c9413dd1ea4413af57fc9c92ccbb4d5bb8336da5efbbda8f107fd90eec"},
    {file = "gmpy2-2.1.5-cp27-cp27m-manylinux2010_x86_64.whl", hash = "sha256:55dcf08d4278b439c1ba37d9b6893bb77bc34b55ccc9b1ad8645d4596a12700e"},
    {file = "gmpy2-2.1.5-cp27-cp27m-win_amd64.whl", hash = "sha256:8947f3b8a1c90f5bae26caf83b9ba2313e52cd06472f7c2be7a5b3a32bdc1bdd"},
    {file = "gmpy2-2.1.5-cp27-cp27mu-manylinux2010_i686.whl", hash = "sha256:3459447d579dd0620a09c2aa4a9c1dbfc46cc8084b6928b901607e8565f04a83"},
    {file = "gmpy2-2.1.5-cp27-cp27mu-manylinux2010_x86_64.whl", hash = "sha256:931adb3006afb55562094e9a866a1db584c11bc9b4a370d1f4719b551b5403fe"},
    {file = "gmpy2-2.1.5-cp310-cp310-macosx_10_9_x86_64.whl", hash = "sha256:df404ae9a97b9f399d9ca6890b02bef175a373f87e317f93cbaae00f68774e11"},
    {file = "gmpy2-2.1.5-cp310-cp310-macosx_11_0_arm64.whl", hash = "sha256:cd876ee5232b0d70dd0bae2b39f54a75f6cc9bbf1dd90b8f0fda8c267fa383a2"},
    {file = "gmpy2-2.1.5-cp310-cp310-manylinux_2_17_i686.manylinux2014_i686.whl", hash = "sha256:4877978256fbb6d6b51cc3892183327171c174fbf60671962ab7aa5e70af8eb3"},
    {file = "gmpy2-2.1.5-cp310-cp310-manylinux_2_17_x86_64.manylinux2014_x86_64.whl", hash = "sha256:565d0444f0d174d84bcbcb0da8feede0ce09733dabd905b63343b94d666e46c0"},
    {file = "gmpy2-2.1.5-cp310-cp310-musllinux_1_1_i686.whl", hash = "sha256:85614559144edad1223a46cae4a3e965818022cb2bb44438f3c42406395a9eb7"},
    {file = "gmpy2-2.1.5-cp310-cp310-musllinux_1_1_x86_64.whl", hash = "sha256:29441b7d31ea60c93249667c6ef33f2560d34ce3cf284d7e4e32e91ed1f9ac1b"},
    {file = "gmpy2-2.1.5-cp310-cp310-win_amd64.whl", hash = "sha256:8946dc912c647f7cd29a587339c9e79860d9b34a3a59cbdc04d6d6fe20cfff39"},
    {file = "gmpy2-2.1.5-cp311-cp311-macosx_10_9_x86_64.whl", hash = "sha256:58097d7ef48f3eabc86e55ca078d3eee5fa3574d9d585f944ee7bc0f00900864"},
    {file = "gmpy2-2.1.5-cp311-cp311-macosx_11_0_arm64.whl", hash = "sha256:fa312ec90e643c8ed2224e204f43239c2e27d14261b349c84912c8858a54c5d5"},
    {file = "gmpy2-2.1.5-cp311-cp311-manylinux_2_17_i686.manylinux2014_i686.whl", hash = "sha256:9ac72073e7938c2307e7e4645367709a32036787f5e176c4acf881c7d8efff28"},
    {file = "gmpy2-2.1.5-cp311-cp311-manylinux_2_17_x86_64.manylinux2014_x86_64.whl", hash = "sha256:3245fd34217649f6c48515ef42da67eb43794f24a20fc961dc2c0c99bb8ebb39"},
    {file = "gmpy2-2.1.5-cp311-cp311-musllinux_1_1_i686.whl", hash = "sha256:4e9d64c1e1e66a2137617c361714022da3de75787d51bd1aed205eb28ddb362c"},
    {file = "gmpy2-2.1.5-cp311-cp311-musllinux_1_1_x86_64.whl", hash = "sha256:81004086f2543399b6b425989fc96cc02dd38ab74dcbfd3acb324af1a6770eaf"},
    {file = "gmpy2-2.1.5-cp311-cp311-win_amd64.whl", hash = "sha256:03beaccf3843c9e9d9cf70102a74cd1e617e792337b64ae73a417b80bf96b385"},
    {file = "gmpy2-2.1.5-cp35-cp35m-macosx_10_9_x86_64.whl", hash = "sha256:131d441cc0e77620d88a900eaa6eee8648ba630621b8337b966cda76964e7662"},
    {file = "gmpy2-2.1.5-cp35-cp35m-manylinux2010_i686.whl", hash = "sha256:b6a04cfa85607b47e86eefe102b1124c6d0a8981f4197a3afd7071f0719ac9b6"},
    {file = "gmpy2-2.1.5-cp35-cp35m-manylinux2010_x86_64.whl", hash = "sha256:09800f5a7566093d74702ad31f775f176df539f1138f4475ba8edf11903a2b2b"},
    {file = "gmpy2-2.1.5-cp35-cp35m-win_amd64.whl", hash = "sha256:a3a61cd88aca0a891e26ada53f2bf3f4433d4fb1c771f12dec97e8edc17f9f7e"},
    {file = "gmpy2-2.1.5-cp36-cp36m-macosx_10_9_x86_64.whl", hash = "sha256:411d1ea2f5a04d8857a7fe1e59d28d384f19232cb7519f29565c087bda364685"},
    {file = "gmpy2-2.1.5-cp36-cp36m-manylinux_2_17_i686.manylinux2014_i686.whl", hash = "sha256:a5fa902b1c6911d41e6045c94eac57cf2ea76f71946ca65ab65ae8f5d20b2aae"},
    {file = "gmpy2-2.1.5-cp36-cp36m-manylinux_2_17_x86_64.manylinux2014_x86_64.whl", hash = "sha256:51b95d8e2d6914552118d0316c8ce566441b709e001e66c5db16495be1a429ac"},
    {file = "gmpy2-2.1.5-cp36-cp36m-musllinux_1_1_i686.whl", hash = "sha256:7bbe8d39d83e96b5f81b26e65f99a3e8794cf1edfd891e154a233757a26764fb"},
    {file = "gmpy2-2.1.5-cp36-cp36m-musllinux_1_1_x86_64.whl", hash = "sha256:e7f324dd859a1324bbc5d5375f431f1ac81c6487035a34cba12fbe8658a888f0"},
    {file = "gmpy2-2.1.5-cp36-cp36m-win_amd64.whl", hash = "sha256:c9e9909d12d06697867568007e9b945246f567116fa5b830513f72766ca8b0c7"},
    {file = "gmpy2-2.1.5-cp37-cp37m-macosx_10_9_x86_64.whl", hash = "sha256:4957d9164a8b2a93263e8a43f99c635a84c1a4044a256e1a496503dd624376a8"},
    {file = "gmpy2-2.1.5-cp37-cp37m-manylinux_2_17_i686.manylinux2014_i686.whl", hash = "sha256:efda6e0508d0c7fe79d0fc3fccd3bab90937dba05384224cbc08398856805ce6"},
    {file = "gmpy2-2.1.5-cp37-cp37m-manylinux_2_17_x86_64.manylinux2014_x86_64.whl", hash = "sha256:b8f59c69dd138d84d471530e0907c254429855a839b93b00c7e9fa7ec766feae"},
    {file = "gmpy2-2.1.5-cp37-cp37m-musllinux_1_1_i686.whl", hash = "sha256:943078c7abef7757758bb0f313b4346cf9b0c91f93039b5980d22f2ee0d53177"},
    {file = "gmpy2-2.1.5-cp37-cp37m-musllinux_1_1_x86_64.whl", hash = "sha256:c935af5fcd2fbd2ed89d0e0cf1c7fd11603101293dbddb46fd1325c56363573f"},
    {file = "gmpy2-2.1.5-cp37-cp37m-win_amd64.whl", hash = "sha256:18233c35d5bbddfe2ec8c269e216dc841ce24ba5f2b00e79e8278ba843eb22dc"},
    {file = "gmpy2-2.1.5-cp38-cp38-macosx_10_9_x86_64.whl", hash = "sha256:6300a0e427bb8b12442db2629b7b271d4d0cd3dbffe2e3880c408932993d31ba"},
    {file = "gmpy2-2.1.5-cp38-cp38-macosx_11_0_arm64.whl", hash = "sha256:8d2299682455ee22830f7c0f5851a86ae121ccc5fca2f483be7229a91a2f3be5"},
    {file = "gmpy2-2.1.5-cp38-cp38-manylinux_2_17_i686.manylinux2014_i686.whl", hash = "sha256:f50d91d779fe24e7dd3feaa1c06e47e11452a73d0a8c67daeea055a6d58cf233"},
    {file = "gmpy2-2.1.5-cp38-cp38-manylinux_2_17_x86_64.manylinux2014_x86_64.whl", hash = "sha256:c398e6e5bb470f0529ca4e2490d5a396bc9c50c860818f297f47486e51e86673"},
    {file = "gmpy2-2.1.5-cp38-cp38-musllinux_1_1_i686.whl", hash = "sha256:cfdb61f87edf9a7897e7c3e9204f141ddb1de68ecb7038edf0c676bdea815ef2"},
    {file = "gmpy2-2.1.5-cp38-cp38-musllinux_1_1_x86_64.whl", hash = "sha256:356c986799a3b34bdcf845961976398556bcfe104e115379effefc50b2cce320"},
    {file = "gmpy2-2.1.5-cp38-cp38-win_amd64.whl", hash = "sha256:c40ed4d68e0b54efa53a9d9fe62662342dd85212f08382b852ca9effab2e7666"},
    {file = "gmpy2-2.1.5-cp39-cp39-macosx_10_9_x86_64.whl", hash = "sha256:6131ccb4f34849b0fa54b9dd8261c00b16fcf4c3332696cb16469a21c217f884"},
    {file = "gmpy2-2.1.5-cp39-cp39-macosx_11_0_arm64.whl", hash = "sha256:2fee8bb2934300173d8de0ce670bdfedbb5b09817db94c2467aafa18380a1286"},
    {file = "gmpy2-2.1.5-cp39-cp39-manylinux_2_17_i686.manylinux2014_i686.whl", hash = "sha256:c23c98db9cccb63872dd32bdd98275c9503809117d8a23ddd683d8baa3e3ee67"},
    {file = "gmpy2-2.1.5-cp39-cp39-manylinux_2_17_x86_64.manylinux2014_x86_64.whl", hash = "sha256:b2764dfc443c364b918506ecad8973a61b76ca0b5afdf460f940134166a2a3e7"},
    {file = "gmpy2-2.1.5-cp39-cp39-musllinux_1_1_i686.whl", hash = "sha256:4fccf90d28f934f76cc4252007d2e94cc38700ed016d3fd787974f79819381fd"},
    {file = "gmpy2-2.1.5-cp39-cp39-musllinux_1_1_x86_64.whl", hash = "sha256:0baf36b2724e154bf98ea17f4ff8234543dc7af7297ce3a0a7098bca0209b768"},
    {file = "gmpy2-2.1.5-cp39-cp39-win_amd64.whl", hash = "sha256:8739ca54323ff28bc317920ed96723a13558a3c442ef77ac325eb3cdd5d32d05"},
    {file = "gmpy2-2.1.5.tar.gz", hash = "sha256:bc297f1fd8c377ae67a4f493fc0f926e5d1b157e5c342e30a4d84dc7b9f95d96"},
]

[[package]]
name = "mpmath"
version = "1.3.0"
description = "Python library for arbitrary-precision floating-point arithmetic"
category = "main"
optional = false
python-versions = "*"
files = [
    {file = "mpmath-1.3.0-py3-none-any.whl", hash = "sha256:a0b2b9fe80bbcd81a6647ff13108738cfb482d481d826cc0e02f5b35e5c88d2c"},
    {file = "mpmath-1.3.0.tar.gz", hash = "sha256:7a28eb2a9774d00c7bc92411c19a89209d5da7c4c9a9e227be8330a23a25b91f"},
]

[package.extras]
develop = ["codecov", "pycodestyle", "pytest (>=4.6)", "pytest-cov", "wheel"]
docs = ["sphinx"]
gmpy = ["gmpy2 (>=2.1.0a4)"]
tests = ["pytest (>=4.6)"]

[[package]]
name = "numpy"
version = "1.24.3"
description = "Fundamental package for array computing in Python"
category = "main"
optional = false
python-versions = ">=3.8"
files = [
    {file = "numpy-1.24.3-cp310-cp310-macosx_10_9_x86_64.whl", hash = "sha256:3c1104d3c036fb81ab923f507536daedc718d0ad5a8707c6061cdfd6d184e570"},
    {file = "numpy-1.24.3-cp310-cp310-macosx_11_0_arm64.whl", hash = "sha256:202de8f38fc4a45a3eea4b63e2f376e5f2dc64ef0fa692838e31a808520efaf7"},
    {file = "numpy-1.24.3-cp310-cp310-manylinux_2_17_aarch64.manylinux2014_aarch64.whl", hash = "sha256:8535303847b89aa6b0f00aa1dc62867b5a32923e4d1681a35b5eef2d9591a463"},
    {file = "numpy-1.24.3-cp310-cp310-manylinux_2_17_x86_64.manylinux2014_x86_64.whl", hash = "sha256:2d926b52ba1367f9acb76b0df6ed21f0b16a1ad87c6720a1121674e5cf63e2b6"},
    {file = "numpy-1.24.3-cp310-cp310-win32.whl", hash = "sha256:f21c442fdd2805e91799fbe044a7b999b8571bb0ab0f7850d0cb9641a687092b"},
    {file = "numpy-1.24.3-cp310-cp310-win_amd64.whl", hash = "sha256:ab5f23af8c16022663a652d3b25dcdc272ac3f83c3af4c02eb8b824e6b3ab9d7"},
    {file = "numpy-1.24.3-cp311-cp311-macosx_10_9_x86_64.whl", hash = "sha256:9a7721ec204d3a237225db3e194c25268faf92e19338a35f3a224469cb6039a3"},
    {file = "numpy-1.24.3-cp311-cp311-macosx_11_0_arm64.whl", hash = "sha256:d6cc757de514c00b24ae8cf5c876af2a7c3df189028d68c0cb4eaa9cd5afc2bf"},
    {file = "numpy-1.24.3-cp311-cp311-manylinux_2_17_aarch64.manylinux2014_aarch64.whl", hash = "sha256:76e3f4e85fc5d4fd311f6e9b794d0c00e7002ec122be271f2019d63376f1d385"},
    {file = "numpy-1.24.3-cp311-cp311-manylinux_2_17_x86_64.manylinux2014_x86_64.whl", hash = "sha256:a1d3c026f57ceaad42f8231305d4653d5f05dc6332a730ae5c0bea3513de0950"},
    {file = "numpy-1.24.3-cp311-cp311-win32.whl", hash = "sha256:c91c4afd8abc3908e00a44b2672718905b8611503f7ff87390cc0ac3423fb096"},
    {file = "numpy-1.24.3-cp311-cp311-win_amd64.whl", hash = "sha256:5342cf6aad47943286afa6f1609cad9b4266a05e7f2ec408e2cf7aea7ff69d80"},
    {file = "numpy-1.24.3-cp38-cp38-macosx_10_9_x86_64.whl", hash = "sha256:7776ea65423ca6a15255ba1872d82d207bd1e09f6d0894ee4a64678dd2204078"},
    {file = "numpy-1.24.3-cp38-cp38-macosx_11_0_arm64.whl", hash = "sha256:ae8d0be48d1b6ed82588934aaaa179875e7dc4f3d84da18d7eae6eb3f06c242c"},
    {file = "numpy-1.24.3-cp38-cp38-manylinux_2_17_aarch64.manylinux2014_aarch64.whl", hash = "sha256:ecde0f8adef7dfdec993fd54b0f78183051b6580f606111a6d789cd14c61ea0c"},
    {file = "numpy-1.24.3-cp38-cp38-manylinux_2_17_x86_64.manylinux2014_x86_64.whl", hash = "sha256:4749e053a29364d3452c034827102ee100986903263e89884922ef01a0a6fd2f"},
    {file = "numpy-1.24.3-cp38-cp38-win32.whl", hash = "sha256:d933fabd8f6a319e8530d0de4fcc2e6a61917e0b0c271fded460032db42a0fe4"},
    {file = "numpy-1.24.3-cp38-cp38-win_amd64.whl", hash = "sha256:56e48aec79ae238f6e4395886b5eaed058abb7231fb3361ddd7bfdf4eed54289"},
    {file = "numpy-1.24.3-cp39-cp39-macosx_10_9_x86_64.whl", hash = "sha256:4719d5aefb5189f50887773699eaf94e7d1e02bf36c1a9d353d9f46703758ca4"},
    {file = "numpy-1.24.3-cp39-cp39-macosx_11_0_arm64.whl", hash = "sha256:0ec87a7084caa559c36e0a2309e4ecb1baa03b687201d0a847c8b0ed476a7187"},
    {file = "numpy-1.24.3-cp39-cp39-manylinux_2_17_aarch64.manylinux2014_aarch64.whl", hash = "sha256:ea8282b9bcfe2b5e7d491d0bf7f3e2da29700cec05b49e64d6246923329f2b02"},
    {file = "numpy-1.24.3-cp39-cp39-manylinux_2_17_x86_64.manylinux2014_x86_64.whl", hash = "sha256:210461d87fb02a84ef243cac5e814aad2b7f4be953b32cb53327bb49fd77fbb4"},
    {file = "numpy-1.24.3-cp39-cp39-win32.whl", hash = "sha256:784c6da1a07818491b0ffd63c6bbe5a33deaa0e25a20e1b3ea20cf0e43f8046c"},
    {file = "numpy-1.24.3-cp39-cp39-win_amd64.whl", hash = "sha256:d5036197ecae68d7f491fcdb4df90082b0d4960ca6599ba2659957aafced7c17"},
    {file = "numpy-1.24.3-pp38-pypy38_pp73-macosx_10_9_x86_64.whl", hash = "sha256:352ee00c7f8387b44d19f4cada524586f07379c0d49270f87233983bc5087ca0"},
    {file = "numpy-1.24.3-pp38-pypy38_pp73-manylinux_2_17_x86_64.manylinux2014_x86_64.whl", hash = "sha256:1a7d6acc2e7524c9955e5c903160aa4ea083736fde7e91276b0e5d98e6332812"},
    {file = "numpy-1.24.3-pp38-pypy38_pp73-win_amd64.whl", hash = "sha256:35400e6a8d102fd07c71ed7dcadd9eb62ee9a6e84ec159bd48c28235bbb0f8e4"},
    {file = "numpy-1.24.3.tar.gz", hash = "sha256:ab344f1bf21f140adab8e47fdbc7c35a477dc01408791f8ba00d018dd0bc5155"},
]

[[package]]
name = "pycodestyle"
version = "2.10.0"
description = "Python style guide checker"
category = "dev"
optional = false
python-versions = ">=3.6"
files = [
    {file = "pycodestyle-2.10.0-py2.py3-none-any.whl", hash = "sha256:8a4eaf0d0495c7395bdab3589ac2db602797d76207242c17d470186815706610"},
    {file = "pycodestyle-2.10.0.tar.gz", hash = "sha256:347187bdb476329d98f695c213d7295a846d1152ff4fe9bacb8a9590b8ee7053"},
]

[[package]]
name = "sympy"
version = "1.11.1"
description = "Computer algebra system (CAS) in Python"
category = "main"
optional = false
python-versions = ">=3.8"
files = [
    {file = "sympy-1.11.1-py3-none-any.whl", hash = "sha256:938f984ee2b1e8eae8a07b884c8b7a1146010040fccddc6539c54f401c8f6fcf"},
    {file = "sympy-1.11.1.tar.gz", hash = "sha256:e32380dce63cb7c0108ed525570092fd45168bdae2faa17e528221ef72e88658"},
]

[package.dependencies]
mpmath = ">=0.19"

[[package]]
name = "tomli"
version = "2.0.1"
description = "A lil' TOML parser"
category = "dev"
optional = false
python-versions = ">=3.7"
files = [
    {file = "tomli-2.0.1-py3-none-any.whl", hash = "sha256:939de3e7a6161af0c887ef91b7d41a53e7c5a1ca976325f429cb46ea9bc30ecc"},
    {file = "tomli-2.0.1.tar.gz", hash = "sha256:de526c12914f0c550d15924c62d72abc48d6fe7364aa87328337a31007fe8a4f"},
]

[metadata]
lock-version = "2.0"
python-versions = "^3.9"
content-hash = "ee7757847aab1ac1ab1b0c1fd1d7aa67c6491278d1295920286cfb210402164b"
